// !$*UTF8*$!
{
	archiveVersion = 1;
	classes = {
	};
	objectVersion = 46;
	objects = {

/* Begin PBXBuildFile section */
		18F7F6F31DE44DC800ADE473 /* main.m in Sources */ = {isa = PBXBuildFile; fileRef = 18F7F6F21DE44DC800ADE473 /* main.m */; };
		18F7F6F61DE44DC800ADE473 /* AppDelegate.m in Sources */ = {isa = PBXBuildFile; fileRef = 18F7F6F51DE44DC800ADE473 /* AppDelegate.m */; };
		18F7F6F91DE44DC800ADE473 /* ViewController.m in Sources */ = {isa = PBXBuildFile; fileRef = 18F7F6F81DE44DC800ADE473 /* ViewController.m */; };
		18F7F6FC1DE44DC800ADE473 /* Main.storyboard in Resources */ = {isa = PBXBuildFile; fileRef = 18F7F6FA1DE44DC800ADE473 /* Main.storyboard */; };
		18F7F6FE1DE44DC800ADE473 /* Assets.xcassets in Resources */ = {isa = PBXBuildFile; fileRef = 18F7F6FD1DE44DC800ADE473 /* Assets.xcassets */; };
		18F7F7011DE44DC800ADE473 /* LaunchScreen.storyboard in Resources */ = {isa = PBXBuildFile; fileRef = 18F7F6FF1DE44DC800ADE473 /* LaunchScreen.storyboard */; };
		18F7F70C1DE44F5200ADE473 /* MessageModel.m in Sources */ = {isa = PBXBuildFile; fileRef = 18F7F70B1DE44F5200ADE473 /* MessageModel.m */; };
		18F7F7111DE44FA100ADE473 /* WeChatCell.m in Sources */ = {isa = PBXBuildFile; fileRef = 18F7F7101DE44FA100ADE473 /* WeChatCell.m */; };
		18F7F7291DE44FB900ADE473 /* wechat_resendbut5@2x.png in Resources */ = {isa = PBXBuildFile; fileRef = 18F7F7121DE44FB900ADE473 /* wechat_resendbut5@2x.png */; };
		18F7F72A1DE44FB900ADE473 /* wechat_resendbut5@3x.png in Resources */ = {isa = PBXBuildFile; fileRef = 18F7F7131DE44FB900ADE473 /* wechat_resendbut5@3x.png */; };
		18F7F72B1DE44FB900ADE473 /* wechatback1@2x.png in Resources */ = {isa = PBXBuildFile; fileRef = 18F7F7141DE44FB900ADE473 /* wechatback1@2x.png */; };
		18F7F72C1DE44FB900ADE473 /* wechatback1@3x.png in Resources */ = {isa = PBXBuildFile; fileRef = 18F7F7151DE44FB900ADE473 /* wechatback1@3x.png */; };
		18F7F72D1DE44FB900ADE473 /* wechatback1cover@2x.png in Resources */ = {isa = PBXBuildFile; fileRef = 18F7F7161DE44FB900ADE473 /* wechatback1cover@2x.png */; };
		18F7F72E1DE44FB900ADE473 /* wechatback1cover@3x.png in Resources */ = {isa = PBXBuildFile; fileRef = 18F7F7171DE44FB900ADE473 /* wechatback1cover@3x.png */; };
		18F7F72F1DE44FB900ADE473 /* wechatback2@2x.png in Resources */ = {isa = PBXBuildFile; fileRef = 18F7F7181DE44FB900ADE473 /* wechatback2@2x.png */; };
		18F7F7301DE44FB900ADE473 /* wechatback2@3x.png in Resources */ = {isa = PBXBuildFile; fileRef = 18F7F7191DE44FB900ADE473 /* wechatback2@3x.png */; };
		18F7F7311DE44FB900ADE473 /* wechatback2cover@2x.png in Resources */ = {isa = PBXBuildFile; fileRef = 18F7F71A1DE44FB900ADE473 /* wechatback2cover@2x.png */; };
		18F7F7321DE44FB900ADE473 /* wechatback2cover@3x.png in Resources */ = {isa = PBXBuildFile; fileRef = 18F7F71B1DE44FB900ADE473 /* wechatback2cover@3x.png */; };
		18F7F7331DE44FB900ADE473 /* WechatIMG4e@2x.png in Resources */ = {isa = PBXBuildFile; fileRef = 18F7F71C1DE44FB900ADE473 /* WechatIMG4e@2x.png */; };
		18F7F7341DE44FB900ADE473 /* wechatvoice3_0@2x.png in Resources */ = {isa = PBXBuildFile; fileRef = 18F7F71D1DE44FB900ADE473 /* wechatvoice3_0@2x.png */; };
		18F7F7351DE44FB900ADE473 /* wechatvoice3_0@3x.png in Resources */ = {isa = PBXBuildFile; fileRef = 18F7F71E1DE44FB900ADE473 /* wechatvoice3_0@3x.png */; };
		18F7F7361DE44FB900ADE473 /* wechatvoice3_1@2x.png in Resources */ = {isa = PBXBuildFile; fileRef = 18F7F71F1DE44FB900ADE473 /* wechatvoice3_1@2x.png */; };
		18F7F7371DE44FB900ADE473 /* wechatvoice3_1@3x.png in Resources */ = {isa = PBXBuildFile; fileRef = 18F7F7201DE44FB900ADE473 /* wechatvoice3_1@3x.png */; };
		18F7F7381DE44FB900ADE473 /* wechatvoice3@2x.png in Resources */ = {isa = PBXBuildFile; fileRef = 18F7F7211DE44FB900ADE473 /* wechatvoice3@2x.png */; };
		18F7F7391DE44FB900ADE473 /* wechatvoice3@3x.png in Resources */ = {isa = PBXBuildFile; fileRef = 18F7F7221DE44FB900ADE473 /* wechatvoice3@3x.png */; };
		18F7F73A1DE44FB900ADE473 /* wechatvoice4_0@2x.png in Resources */ = {isa = PBXBuildFile; fileRef = 18F7F7231DE44FB900ADE473 /* wechatvoice4_0@2x.png */; };
		18F7F73B1DE44FB900ADE473 /* wechatvoice4_0@3x.png in Resources */ = {isa = PBXBuildFile; fileRef = 18F7F7241DE44FB900ADE473 /* wechatvoice4_0@3x.png */; };
		18F7F73C1DE44FB900ADE473 /* wechatvoice4_1@2x.png in Resources */ = {isa = PBXBuildFile; fileRef = 18F7F7251DE44FB900ADE473 /* wechatvoice4_1@2x.png */; };
		18F7F73D1DE44FB900ADE473 /* wechatvoice4_1@3x.png in Resources */ = {isa = PBXBuildFile; fileRef = 18F7F7261DE44FB900ADE473 /* wechatvoice4_1@3x.png */; };
		18F7F73E1DE44FB900ADE473 /* wechatvoice4@2x.png in Resources */ = {isa = PBXBuildFile; fileRef = 18F7F7271DE44FB900ADE473 /* wechatvoice4@2x.png */; };
		18F7F73F1DE44FB900ADE473 /* wechatvoice4@3x.png in Resources */ = {isa = PBXBuildFile; fileRef = 18F7F7281DE44FB900ADE473 /* wechatvoice4@3x.png */; };
		18F7F7421DE454C300ADE473 /* collection4_10@2x.png in Resources */ = {isa = PBXBuildFile; fileRef = 18F7F7401DE454C300ADE473 /* collection4_10@2x.png */; };
		18F7F7431DE454C300ADE473 /* collection4_10@3x.png in Resources */ = {isa = PBXBuildFile; fileRef = 18F7F7411DE454C300ADE473 /* collection4_10@3x.png */; };
		C7F638D7E7D01106514853FF /* Pods_HeBiaoWeChat.framework in Frameworks */ = {isa = PBXBuildFile; fileRef = 65B9BEC90F915032EF9E9875 /* Pods_HeBiaoWeChat.framework */; };
/* End PBXBuildFile section */

/* Begin PBXFileReference section */
		18F7F6EE1DE44DC800ADE473 /* HeBiaoWeChat.app */ = {isa = PBXFileReference; explicitFileType = wrapper.application; includeInIndex = 0; path = HeBiaoWeChat.app; sourceTree = BUILT_PRODUCTS_DIR; };
		18F7F6F21DE44DC800ADE473 /* main.m */ = {isa = PBXFileReference; lastKnownFileType = sourcecode.c.objc; path = main.m; sourceTree = "<group>"; };
		18F7F6F41DE44DC800ADE473 /* AppDelegate.h */ = {isa = PBXFileReference; lastKnownFileType = sourcecode.c.h; path = AppDelegate.h; sourceTree = "<group>"; };
		18F7F6F51DE44DC800ADE473 /* AppDelegate.m */ = {isa = PBXFileReference; lastKnownFileType = sourcecode.c.objc; path = AppDelegate.m; sourceTree = "<group>"; };
		18F7F6F71DE44DC800ADE473 /* ViewController.h */ = {isa = PBXFileReference; lastKnownFileType = sourcecode.c.h; path = ViewController.h; sourceTree = "<group>"; };
		18F7F6F81DE44DC800ADE473 /* ViewController.m */ = {isa = PBXFileReference; lastKnownFileType = sourcecode.c.objc; path = ViewController.m; sourceTree = "<group>"; };
		18F7F6FB1DE44DC800ADE473 /* Base */ = {isa = PBXFileReference; lastKnownFileType = file.storyboard; name = Base; path = Base.lproj/Main.storyboard; sourceTree = "<group>"; };
		18F7F6FD1DE44DC800ADE473 /* Assets.xcassets */ = {isa = PBXFileReference; lastKnownFileType = folder.assetcatalog; path = Assets.xcassets; sourceTree = "<group>"; };
		18F7F7001DE44DC800ADE473 /* Base */ = {isa = PBXFileReference; lastKnownFileType = file.storyboard; name = Base; path = Base.lproj/LaunchScreen.storyboard; sourceTree = "<group>"; };
		18F7F7021DE44DC800ADE473 /* Info.plist */ = {isa = PBXFileReference; lastKnownFileType = text.plist.xml; path = Info.plist; sourceTree = "<group>"; };
		18F7F7081DE44F3100ADE473 /* ConstantPart.h */ = {isa = PBXFileReference; fileEncoding = 4; lastKnownFileType = sourcecode.c.h; path = ConstantPart.h; sourceTree = "<group>"; };
		18F7F70A1DE44F5200ADE473 /* MessageModel.h */ = {isa = PBXFileReference; fileEncoding = 4; lastKnownFileType = sourcecode.c.h; path = MessageModel.h; sourceTree = "<group>"; };
		18F7F70B1DE44F5200ADE473 /* MessageModel.m */ = {isa = PBXFileReference; fileEncoding = 4; lastKnownFileType = sourcecode.c.objc; path = MessageModel.m; sourceTree = "<group>"; };
		18F7F70F1DE44FA100ADE473 /* WeChatCell.h */ = {isa = PBXFileReference; fileEncoding = 4; lastKnownFileType = sourcecode.c.h; path = WeChatCell.h; sourceTree = "<group>"; };
		18F7F7101DE44FA100ADE473 /* WeChatCell.m */ = {isa = PBXFileReference; fileEncoding = 4; lastKnownFileType = sourcecode.c.objc; path = WeChatCell.m; sourceTree = "<group>"; };
		18F7F7121DE44FB900ADE473 /* wechat_resendbut5@2x.png */ = {isa = PBXFileReference; lastKnownFileType = image.png; path = "wechat_resendbut5@2x.png"; sourceTree = "<group>"; };
		18F7F7131DE44FB900ADE473 /* wechat_resendbut5@3x.png */ = {isa = PBXFileReference; lastKnownFileType = image.png; path = "wechat_resendbut5@3x.png"; sourceTree = "<group>"; };
		18F7F7141DE44FB900ADE473 /* wechatback1@2x.png */ = {isa = PBXFileReference; lastKnownFileType = image.png; path = "wechatback1@2x.png"; sourceTree = "<group>"; };
		18F7F7151DE44FB900ADE473 /* wechatback1@3x.png */ = {isa = PBXFileReference; lastKnownFileType = image.png; path = "wechatback1@3x.png"; sourceTree = "<group>"; };
		18F7F7161DE44FB900ADE473 /* wechatback1cover@2x.png */ = {isa = PBXFileReference; lastKnownFileType = image.png; path = "wechatback1cover@2x.png"; sourceTree = "<group>"; };
		18F7F7171DE44FB900ADE473 /* wechatback1cover@3x.png */ = {isa = PBXFileReference; lastKnownFileType = image.png; path = "wechatback1cover@3x.png"; sourceTree = "<group>"; };
		18F7F7181DE44FB900ADE473 /* wechatback2@2x.png */ = {isa = PBXFileReference; lastKnownFileType = image.png; path = "wechatback2@2x.png"; sourceTree = "<group>"; };
		18F7F7191DE44FB900ADE473 /* wechatback2@3x.png */ = {isa = PBXFileReference; lastKnownFileType = image.png; path = "wechatback2@3x.png"; sourceTree = "<group>"; };
		18F7F71A1DE44FB900ADE473 /* wechatback2cover@2x.png */ = {isa = PBXFileReference; lastKnownFileType = image.png; path = "wechatback2cover@2x.png"; sourceTree = "<group>"; };
		18F7F71B1DE44FB900ADE473 /* wechatback2cover@3x.png */ = {isa = PBXFileReference; lastKnownFileType = image.png; path = "wechatback2cover@3x.png"; sourceTree = "<group>"; };
		18F7F71C1DE44FB900ADE473 /* WechatIMG4e@2x.png */ = {isa = PBXFileReference; lastKnownFileType = image.png; path = "WechatIMG4e@2x.png"; sourceTree = "<group>"; };
		18F7F71D1DE44FB900ADE473 /* wechatvoice3_0@2x.png */ = {isa = PBXFileReference; lastKnownFileType = image.png; path = "wechatvoice3_0@2x.png"; sourceTree = "<group>"; };
		18F7F71E1DE44FB900ADE473 /* wechatvoice3_0@3x.png */ = {isa = PBXFileReference; lastKnownFileType = image.png; path = "wechatvoice3_0@3x.png"; sourceTree = "<group>"; };
		18F7F71F1DE44FB900ADE473 /* wechatvoice3_1@2x.png */ = {isa = PBXFileReference; lastKnownFileType = image.png; path = "wechatvoice3_1@2x.png"; sourceTree = "<group>"; };
		18F7F7201DE44FB900ADE473 /* wechatvoice3_1@3x.png */ = {isa = PBXFileReference; lastKnownFileType = image.png; path = "wechatvoice3_1@3x.png"; sourceTree = "<group>"; };
		18F7F7211DE44FB900ADE473 /* wechatvoice3@2x.png */ = {isa = PBXFileReference; lastKnownFileType = image.png; path = "wechatvoice3@2x.png"; sourceTree = "<group>"; };
		18F7F7221DE44FB900ADE473 /* wechatvoice3@3x.png */ = {isa = PBXFileReference; lastKnownFileType = image.png; path = "wechatvoice3@3x.png"; sourceTree = "<group>"; };
		18F7F7231DE44FB900ADE473 /* wechatvoice4_0@2x.png */ = {isa = PBXFileReference; lastKnownFileType = image.png; path = "wechatvoice4_0@2x.png"; sourceTree = "<group>"; };
		18F7F7241DE44FB900ADE473 /* wechatvoice4_0@3x.png */ = {isa = PBXFileReference; lastKnownFileType = image.png; path = "wechatvoice4_0@3x.png"; sourceTree = "<group>"; };
		18F7F7251DE44FB900ADE473 /* wechatvoice4_1@2x.png */ = {isa = PBXFileReference; lastKnownFileType = image.png; path = "wechatvoice4_1@2x.png"; sourceTree = "<group>"; };
		18F7F7261DE44FB900ADE473 /* wechatvoice4_1@3x.png */ = {isa = PBXFileReference; lastKnownFileType = image.png; path = "wechatvoice4_1@3x.png"; sourceTree = "<group>"; };
		18F7F7271DE44FB900ADE473 /* wechatvoice4@2x.png */ = {isa = PBXFileReference; lastKnownFileType = image.png; path = "wechatvoice4@2x.png"; sourceTree = "<group>"; };
		18F7F7281DE44FB900ADE473 /* wechatvoice4@3x.png */ = {isa = PBXFileReference; lastKnownFileType = image.png; path = "wechatvoice4@3x.png"; sourceTree = "<group>"; };
		18F7F7401DE454C300ADE473 /* collection4_10@2x.png */ = {isa = PBXFileReference; lastKnownFileType = image.png; path = "collection4_10@2x.png"; sourceTree = "<group>"; };
		18F7F7411DE454C300ADE473 /* collection4_10@3x.png */ = {isa = PBXFileReference; lastKnownFileType = image.png; path = "collection4_10@3x.png"; sourceTree = "<group>"; };
		65B9BEC90F915032EF9E9875 /* Pods_HeBiaoWeChat.framework */ = {isa = PBXFileReference; explicitFileType = wrapper.framework; includeInIndex = 0; path = Pods_HeBiaoWeChat.framework; sourceTree = BUILT_PRODUCTS_DIR; };
		8668FD5AFC2EF58996C33077 /* Pods-HeBiaoWeChat.debug.xcconfig */ = {isa = PBXFileReference; includeInIndex = 1; lastKnownFileType = text.xcconfig; name = "Pods-HeBiaoWeChat.debug.xcconfig"; path = "Pods/Target Support Files/Pods-HeBiaoWeChat/Pods-HeBiaoWeChat.debug.xcconfig"; sourceTree = "<group>"; };
		FFDF17CCE1A2DF4DFF79C8EF /* Pods-HeBiaoWeChat.release.xcconfig */ = {isa = PBXFileReference; includeInIndex = 1; lastKnownFileType = text.xcconfig; name = "Pods-HeBiaoWeChat.release.xcconfig"; path = "Pods/Target Support Files/Pods-HeBiaoWeChat/Pods-HeBiaoWeChat.release.xcconfig"; sourceTree = "<group>"; };
/* End PBXFileReference section */

/* Begin PBXFrameworksBuildPhase section */
		18F7F6EB1DE44DC800ADE473 /* Frameworks */ = {
			isa = PBXFrameworksBuildPhase;
			buildActionMask = 2147483647;
			files = (
				C7F638D7E7D01106514853FF /* Pods_HeBiaoWeChat.framework in Frameworks */,
			);
			runOnlyForDeploymentPostprocessing = 0;
		};
/* End PBXFrameworksBuildPhase section */

/* Begin PBXGroup section */
		18F7F6E51DE44DC700ADE473 = {
			isa = PBXGroup;
			children = (
				18F7F6F01DE44DC800ADE473 /* HeBiaoWeChat */,
				18F7F6EF1DE44DC800ADE473 /* Products */,
				4135774F4EAE2B20A2ACD6A6 /* Pods */,
				D04BFF835C5DD4127A70A3A2 /* Frameworks */,
			);
			sourceTree = "<group>";
		};
		18F7F6EF1DE44DC800ADE473 /* Products */ = {
			isa = PBXGroup;
			children = (
				18F7F6EE1DE44DC800ADE473 /* HeBiaoWeChat.app */,
			);
			name = Products;
			sourceTree = "<group>";
		};
		18F7F6F01DE44DC800ADE473 /* HeBiaoWeChat */ = {
			isa = PBXGroup;
			children = (
				18F7F70E1DE44F8600ADE473 /* Images */,
				18F7F70D1DE44F6200ADE473 /* CellView */,
				18F7F7091DE44F4000ADE473 /* Model */,
				18F7F7081DE44F3100ADE473 /* ConstantPart.h */,
				18F7F6F41DE44DC800ADE473 /* AppDelegate.h */,
				18F7F6F51DE44DC800ADE473 /* AppDelegate.m */,
				18F7F6F71DE44DC800ADE473 /* ViewController.h */,
				18F7F6F81DE44DC800ADE473 /* ViewController.m */,
				18F7F6FA1DE44DC800ADE473 /* Main.storyboard */,
				18F7F6FD1DE44DC800ADE473 /* Assets.xcassets */,
				18F7F6FF1DE44DC800ADE473 /* LaunchScreen.storyboard */,
				18F7F7021DE44DC800ADE473 /* Info.plist */,
				18F7F6F11DE44DC800ADE473 /* Supporting Files */,
			);
			path = HeBiaoWeChat;
			sourceTree = "<group>";
		};
		18F7F6F11DE44DC800ADE473 /* Supporting Files */ = {
			isa = PBXGroup;
			children = (
				18F7F6F21DE44DC800ADE473 /* main.m */,
			);
			name = "Supporting Files";
			sourceTree = "<group>";
		};
		18F7F7091DE44F4000ADE473 /* Model */ = {
			isa = PBXGroup;
			children = (
				18F7F70A1DE44F5200ADE473 /* MessageModel.h */,
				18F7F70B1DE44F5200ADE473 /* MessageModel.m */,
			);
			name = Model;
			sourceTree = "<group>";
		};
		18F7F70D1DE44F6200ADE473 /* CellView */ = {
			isa = PBXGroup;
			children = (
				18F7F70F1DE44FA100ADE473 /* WeChatCell.h */,
				18F7F7101DE44FA100ADE473 /* WeChatCell.m */,
			);
			name = CellView;
			sourceTree = "<group>";
		};
		18F7F70E1DE44F8600ADE473 /* Images */ = {
			isa = PBXGroup;
			children = (
				18F7F7121DE44FB900ADE473 /* wechat_resendbut5@2x.png */,
				18F7F7131DE44FB900ADE473 /* wechat_resendbut5@3x.png */,
				18F7F7141DE44FB900ADE473 /* wechatback1@2x.png */,
				18F7F7151DE44FB900ADE473 /* wechatback1@3x.png */,
				18F7F7161DE44FB900ADE473 /* wechatback1cover@2x.png */,
				18F7F7171DE44FB900ADE473 /* wechatback1cover@3x.png */,
				18F7F7181DE44FB900ADE473 /* wechatback2@2x.png */,
				18F7F7191DE44FB900ADE473 /* wechatback2@3x.png */,
				18F7F71A1DE44FB900ADE473 /* wechatback2cover@2x.png */,
				18F7F71B1DE44FB900ADE473 /* wechatback2cover@3x.png */,
				18F7F71C1DE44FB900ADE473 /* WechatIMG4e@2x.png */,
				18F7F71D1DE44FB900ADE473 /* wechatvoice3_0@2x.png */,
				18F7F71E1DE44FB900ADE473 /* wechatvoice3_0@3x.png */,
				18F7F71F1DE44FB900ADE473 /* wechatvoice3_1@2x.png */,
				18F7F7201DE44FB900ADE473 /* wechatvoice3_1@3x.png */,
				18F7F7211DE44FB900ADE473 /* wechatvoice3@2x.png */,
				18F7F7221DE44FB900ADE473 /* wechatvoice3@3x.png */,
				18F7F7231DE44FB900ADE473 /* wechatvoice4_0@2x.png */,
				18F7F7241DE44FB900ADE473 /* wechatvoice4_0@3x.png */,
				18F7F7251DE44FB900ADE473 /* wechatvoice4_1@2x.png */,
				18F7F7261DE44FB900ADE473 /* wechatvoice4_1@3x.png */,
				18F7F7271DE44FB900ADE473 /* wechatvoice4@2x.png */,
				18F7F7281DE44FB900ADE473 /* wechatvoice4@3x.png */,
				18F7F7401DE454C300ADE473 /* collection4_10@2x.png */,
				18F7F7411DE454C300ADE473 /* collection4_10@3x.png */,
			);
			name = Images;
			sourceTree = "<group>";
		};
		4135774F4EAE2B20A2ACD6A6 /* Pods */ = {
			isa = PBXGroup;
			children = (
				8668FD5AFC2EF58996C33077 /* Pods-HeBiaoWeChat.debug.xcconfig */,
				FFDF17CCE1A2DF4DFF79C8EF /* Pods-HeBiaoWeChat.release.xcconfig */,
			);
			name = Pods;
			sourceTree = "<group>";
		};
		D04BFF835C5DD4127A70A3A2 /* Frameworks */ = {
			isa = PBXGroup;
			children = (
				65B9BEC90F915032EF9E9875 /* Pods_HeBiaoWeChat.framework */,
			);
			name = Frameworks;
			sourceTree = "<group>";
		};
/* End PBXGroup section */

/* Begin PBXNativeTarget section */
		18F7F6ED1DE44DC800ADE473 /* HeBiaoWeChat */ = {
			isa = PBXNativeTarget;
			buildConfigurationList = 18F7F7051DE44DC800ADE473 /* Build configuration list for PBXNativeTarget "HeBiaoWeChat" */;
			buildPhases = (
				2DC5651DB893E815AC310564 /* [CP] Check Pods Manifest.lock */,
				18F7F6EA1DE44DC800ADE473 /* Sources */,
				18F7F6EB1DE44DC800ADE473 /* Frameworks */,
				18F7F6EC1DE44DC800ADE473 /* Resources */,
				DC49DC27092D25C059E4F48D /* [CP] Embed Pods Frameworks */,
				CA25EE37311493BD9313696B /* [CP] Copy Pods Resources */,
			);
			buildRules = (
			);
			dependencies = (
			);
			name = HeBiaoWeChat;
			productName = HeBiaoWeChat;
			productReference = 18F7F6EE1DE44DC800ADE473 /* HeBiaoWeChat.app */;
			productType = "com.apple.product-type.application";
		};
/* End PBXNativeTarget section */

/* Begin PBXProject section */
		18F7F6E61DE44DC700ADE473 /* Project object */ = {
			isa = PBXProject;
			attributes = {
				LastUpgradeCheck = 0810;
				ORGANIZATIONNAME = hebiao;
				TargetAttributes = {
					18F7F6ED1DE44DC800ADE473 = {
						CreatedOnToolsVersion = 8.1;
						ProvisioningStyle = Automatic;
					};
				};
			};
			buildConfigurationList = 18F7F6E91DE44DC700ADE473 /* Build configuration list for PBXProject "HeBiaoWeChat" */;
			compatibilityVersion = "Xcode 3.2";
			developmentRegion = English;
			hasScannedForEncodings = 0;
			knownRegions = (
				en,
				Base,
			);
			mainGroup = 18F7F6E51DE44DC700ADE473;
			productRefGroup = 18F7F6EF1DE44DC800ADE473 /* Products */;
			projectDirPath = "";
			projectRoot = "";
			targets = (
				18F7F6ED1DE44DC800ADE473 /* HeBiaoWeChat */,
			);
		};
/* End PBXProject section */

/* Begin PBXResourcesBuildPhase section */
		18F7F6EC1DE44DC800ADE473 /* Resources */ = {
			isa = PBXResourcesBuildPhase;
			buildActionMask = 2147483647;
			files = (
				18F7F72A1DE44FB900ADE473 /* wechat_resendbut5@3x.png in Resources */,
				18F7F73A1DE44FB900ADE473 /* wechatvoice4_0@2x.png in Resources */,
				18F7F72D1DE44FB900ADE473 /* wechatback1cover@2x.png in Resources */,
				18F7F73E1DE44FB900ADE473 /* wechatvoice4@2x.png in Resources */,
				18F7F7311DE44FB900ADE473 /* wechatback2cover@2x.png in Resources */,
				18F7F7321DE44FB900ADE473 /* wechatback2cover@3x.png in Resources */,
				18F7F7361DE44FB900ADE473 /* wechatvoice3_1@2x.png in Resources */,
				18F7F7341DE44FB900ADE473 /* wechatvoice3_0@2x.png in Resources */,
				18F7F7371DE44FB900ADE473 /* wechatvoice3_1@3x.png in Resources */,
				18F7F72B1DE44FB900ADE473 /* wechatback1@2x.png in Resources */,
				18F7F73D1DE44FB900ADE473 /* wechatvoice4_1@3x.png in Resources */,
				18F7F73C1DE44FB900ADE473 /* wechatvoice4_1@2x.png in Resources */,
				18F7F7301DE44FB900ADE473 /* wechatback2@3x.png in Resources */,
				18F7F7351DE44FB900ADE473 /* wechatvoice3_0@3x.png in Resources */,
				18F7F72C1DE44FB900ADE473 /* wechatback1@3x.png in Resources */,
				18F7F7381DE44FB900ADE473 /* wechatvoice3@2x.png in Resources */,
				18F7F7011DE44DC800ADE473 /* LaunchScreen.storyboard in Resources */,
				18F7F7291DE44FB900ADE473 /* wechat_resendbut5@2x.png in Resources */,
				18F7F72F1DE44FB900ADE473 /* wechatback2@2x.png in Resources */,
				18F7F72E1DE44FB900ADE473 /* wechatback1cover@3x.png in Resources */,
				18F7F7331DE44FB900ADE473 /* WechatIMG4e@2x.png in Resources */,
				18F7F7421DE454C300ADE473 /* collection4_10@2x.png in Resources */,
				18F7F73F1DE44FB900ADE473 /* wechatvoice4@3x.png in Resources */,
				18F7F73B1DE44FB900ADE473 /* wechatvoice4_0@3x.png in Resources */,
				18F7F6FE1DE44DC800ADE473 /* Assets.xcassets in Resources */,
				18F7F7391DE44FB900ADE473 /* wechatvoice3@3x.png in Resources */,
				18F7F6FC1DE44DC800ADE473 /* Main.storyboard in Resources */,
				18F7F7431DE454C300ADE473 /* collection4_10@3x.png in Resources */,
			);
			runOnlyForDeploymentPostprocessing = 0;
		};
/* End PBXResourcesBuildPhase section */

/* Begin PBXShellScriptBuildPhase section */
		2DC5651DB893E815AC310564 /* [CP] Check Pods Manifest.lock */ = {
			isa = PBXShellScriptBuildPhase;
			buildActionMask = 2147483647;
			files = (
			);
			inputPaths = (
			);
			name = "[CP] Check Pods Manifest.lock";
			outputPaths = (
			);
			runOnlyForDeploymentPostprocessing = 0;
			shellPath = /bin/sh;
			shellScript = "diff \"${PODS_ROOT}/../Podfile.lock\" \"${PODS_ROOT}/Manifest.lock\" > /dev/null\nif [ $? != 0 ] ; then\n    # print error to STDERR\n    echo \"error: The sandbox is not in sync with the Podfile.lock. Run 'pod install' or update your CocoaPods installation.\" >&2\n    exit 1\nfi\n";
			showEnvVarsInLog = 0;
		};
		CA25EE37311493BD9313696B /* [CP] Copy Pods Resources */ = {
			isa = PBXShellScriptBuildPhase;
			buildActionMask = 2147483647;
			files = (
			);
			inputPaths = (
			);
			name = "[CP] Copy Pods Resources";
			outputPaths = (
			);
			runOnlyForDeploymentPostprocessing = 0;
			shellPath = /bin/sh;
			shellScript = "\"${SRCROOT}/Pods/Target Support Files/Pods-HeBiaoWeChat/Pods-HeBiaoWeChat-resources.sh\"\n";
			showEnvVarsInLog = 0;
		};
		DC49DC27092D25C059E4F48D /* [CP] Embed Pods Frameworks */ = {
			isa = PBXShellScriptBuildPhase;
			buildActionMask = 2147483647;
			files = (
			);
			inputPaths = (
			);
			name = "[CP] Embed Pods Frameworks";
			outputPaths = (
			);
			runOnlyForDeploymentPostprocessing = 0;
			shellPath = /bin/sh;
			shellScript = "\"${SRCROOT}/Pods/Target Support Files/Pods-HeBiaoWeChat/Pods-HeBiaoWeChat-frameworks.sh\"\n";
			showEnvVarsInLog = 0;
		};
/* End PBXShellScriptBuildPhase section */

/* Begin PBXSourcesBuildPhase section */
		18F7F6EA1DE44DC800ADE473 /* Sources */ = {
			isa = PBXSourcesBuildPhase;
			buildActionMask = 2147483647;
			files = (
				18F7F6F91DE44DC800ADE473 /* ViewController.m in Sources */,
				18F7F6F61DE44DC800ADE473 /* AppDelegate.m in Sources */,
				18F7F6F31DE44DC800ADE473 /* main.m in Sources */,
				18F7F70C1DE44F5200ADE473 /* MessageModel.m in Sources */,
				18F7F7111DE44FA100ADE473 /* WeChatCell.m in Sources */,
			);
			runOnlyForDeploymentPostprocessing = 0;
		};
/* End PBXSourcesBuildPhase section */

/* Begin PBXVariantGroup section */
		18F7F6FA1DE44DC800ADE473 /* Main.storyboard */ = {
			isa = PBXVariantGroup;
			children = (
				18F7F6FB1DE44DC800ADE473 /* Base */,
			);
			name = Main.storyboard;
			sourceTree = "<group>";
		};
		18F7F6FF1DE44DC800ADE473 /* LaunchScreen.storyboard */ = {
			isa = PBXVariantGroup;
			children = (
				18F7F7001DE44DC800ADE473 /* Base */,
			);
			name = LaunchScreen.storyboard;
			sourceTree = "<group>";
		};
/* End PBXVariantGroup section */

/* Begin XCBuildConfiguration section */
		18F7F7031DE44DC800ADE473 /* Debug */ = {
			isa = XCBuildConfiguration;
			buildSettings = {
				ALWAYS_SEARCH_USER_PATHS = NO;
				CLANG_ANALYZER_NONNULL = YES;
				CLANG_CXX_LANGUAGE_STANDARD = "gnu++0x";
				CLANG_CXX_LIBRARY = "libc++";
				CLANG_ENABLE_MODULES = YES;
				CLANG_ENABLE_OBJC_ARC = YES;
				CLANG_WARN_BOOL_CONVERSION = YES;
				CLANG_WARN_CONSTANT_CONVERSION = YES;
				CLANG_WARN_DIRECT_OBJC_ISA_USAGE = YES_ERROR;
				CLANG_WARN_DOCUMENTATION_COMMENTS = YES;
				CLANG_WARN_EMPTY_BODY = YES;
				CLANG_WARN_ENUM_CONVERSION = YES;
				CLANG_WARN_INFINITE_RECURSION = YES;
				CLANG_WARN_INT_CONVERSION = YES;
				CLANG_WARN_OBJC_ROOT_CLASS = YES_ERROR;
				CLANG_WARN_SUSPICIOUS_MOVES = YES;
				CLANG_WARN_UNREACHABLE_CODE = YES;
				CLANG_WARN__DUPLICATE_METHOD_MATCH = YES;
				"CODE_SIGN_IDENTITY[sdk=iphoneos*]" = "iPhone Developer";
				COPY_PHASE_STRIP = NO;
				DEBUG_INFORMATION_FORMAT = dwarf;
				ENABLE_STRICT_OBJC_MSGSEND = YES;
				ENABLE_TESTABILITY = YES;
				GCC_C_LANGUAGE_STANDARD = gnu99;
				GCC_DYNAMIC_NO_PIC = NO;
				GCC_NO_COMMON_BLOCKS = YES;
				GCC_OPTIMIZATION_LEVEL = 0;
				GCC_PREPROCESSOR_DEFINITIONS = (
					"DEBUG=1",
					"$(inherited)",
				);
				GCC_WARN_64_TO_32_BIT_CONVERSION = YES;
				GCC_WARN_ABOUT_RETURN_TYPE = YES_ERROR;
				GCC_WARN_UNDECLARED_SELECTOR = YES;
				GCC_WARN_UNINITIALIZED_AUTOS = YES_AGGRESSIVE;
				GCC_WARN_UNUSED_FUNCTION = YES;
				GCC_WARN_UNUSED_VARIABLE = YES;
				IPHONEOS_DEPLOYMENT_TARGET = 10.1;
				MTL_ENABLE_DEBUG_INFO = YES;
				ONLY_ACTIVE_ARCH = YES;
				SDKROOT = iphoneos;
			};
			name = Debug;
		};
		18F7F7041DE44DC800ADE473 /* Release */ = {
			isa = XCBuildConfiguration;
			buildSettings = {
				ALWAYS_SEARCH_USER_PATHS = NO;
				CLANG_ANALYZER_NONNULL = YES;
				CLANG_CXX_LANGUAGE_STANDARD = "gnu++0x";
				CLANG_CXX_LIBRARY = "libc++";
				CLANG_ENABLE_MODULES = YES;
				CLANG_ENABLE_OBJC_ARC = YES;
				CLANG_WARN_BOOL_CONVERSION = YES;
				CLANG_WARN_CONSTANT_CONVERSION = YES;
				CLANG_WARN_DIRECT_OBJC_ISA_USAGE = YES_ERROR;
				CLANG_WARN_DOCUMENTATION_COMMENTS = YES;
				CLANG_WARN_EMPTY_BODY = YES;
				CLANG_WARN_ENUM_CONVERSION = YES;
				CLANG_WARN_INFINITE_RECURSION = YES;
				CLANG_WARN_INT_CONVERSION = YES;
				CLANG_WARN_OBJC_ROOT_CLASS = YES_ERROR;
				CLANG_WARN_SUSPICIOUS_MOVES = YES;
				CLANG_WARN_UNREACHABLE_CODE = YES;
				CLANG_WARN__DUPLICATE_METHOD_MATCH = YES;
				"CODE_SIGN_IDENTITY[sdk=iphoneos*]" = "iPhone Developer";
				COPY_PHASE_STRIP = NO;
				DEBUG_INFORMATION_FORMAT = "dwarf-with-dsym";
				ENABLE_NS_ASSERTIONS = NO;
				ENABLE_STRICT_OBJC_MSGSEND = YES;
				GCC_C_LANGUAGE_STANDARD = gnu99;
				GCC_NO_COMMON_BLOCKS = YES;
				GCC_WARN_64_TO_32_BIT_CONVERSION = YES;
				GCC_WARN_ABOUT_RETURN_TYPE = YES_ERROR;
				GCC_WARN_UNDECLARED_SELECTOR = YES;
				GCC_WARN_UNINITIALIZED_AUTOS = YES_AGGRESSIVE;
				GCC_WARN_UNUSED_FUNCTION = YES;
				GCC_WARN_UNUSED_VARIABLE = YES;
				IPHONEOS_DEPLOYMENT_TARGET = 10.1;
				MTL_ENABLE_DEBUG_INFO = NO;
				SDKROOT = iphoneos;
				VALIDATE_PRODUCT = YES;
			};
			name = Release;
		};
		18F7F7061DE44DC800ADE473 /* Debug */ = {
			isa = XCBuildConfiguration;
			baseConfigurationReference = 8668FD5AFC2EF58996C33077 /* Pods-HeBiaoWeChat.debug.xcconfig */;
			buildSettings = {
				ASSETCATALOG_COMPILER_APPICON_NAME = AppIcon;
				INFOPLIST_FILE = HeBiaoWeChat/Info.plist;
				LD_RUNPATH_SEARCH_PATHS = "$(inherited) @executable_path/Frameworks";
				PRODUCT_BUNDLE_IDENTIFIER = hebiao.HeBiaoWeChat;
				PRODUCT_NAME = "$(TARGET_NAME)";
			};
			name = Debug;
		};
		18F7F7071DE44DC800ADE473 /* Release */ = {
			isa = XCBuildConfiguration;
			baseConfigurationReference = FFDF17CCE1A2DF4DFF79C8EF /* Pods-HeBiaoWeChat.release.xcconfig */;
			buildSettings = {
				ASSETCATALOG_COMPILER_APPICON_NAME = AppIcon;
				INFOPLIST_FILE = HeBiaoWeChat/Info.plist;
				LD_RUNPATH_SEARCH_PATHS = "$(inherited) @executable_path/Frameworks";
				PRODUCT_BUNDLE_IDENTIFIER = hebiao.HeBiaoWeChat;
				PRODUCT_NAME = "$(TARGET_NAME)";
			};
			name = Release;
		};
/* End XCBuildConfiguration section */

/* Begin XCConfigurationList section */
		18F7F6E91DE44DC700ADE473 /* Build configuration list for PBXProject "HeBiaoWeChat" */ = {
			isa = XCConfigurationList;
			buildConfigurations = (
				18F7F7031DE44DC800ADE473 /* Debug */,
				18F7F7041DE44DC800ADE473 /* Release */,
			);
			defaultConfigurationIsVisible = 0;
			defaultConfigurationName = Release;
		};
		18F7F7051DE44DC800ADE473 /* Build configuration list for PBXNativeTarget "HeBiaoWeChat" */ = {
			isa = XCConfigurationList;
			buildConfigurations = (
				18F7F7061DE44DC800ADE473 /* Debug */,
				18F7F7071DE44DC800ADE473 /* Release */,
			);
			defaultConfigurationIsVisible = 0;
			defaultConfigurationName = Release;
		};
/* End XCConfigurationList section */
	};
	rootObject = 18F7F6E61DE44DC700ADE473 /* Project object */;
}
